
Microsoft Visual Studio Solution File, Format Version 11.00
# Visual Studio 2010
Project("{FAE04EC0-301F-11D3-BF4B-00C04F79EFBC}") = "Assembly-CSharp", "Assembly-CSharp.csproj", "{32280aa3-19a5-092a-abc9-4cefce8a1181}"
EndProject
Project("{FAE04EC0-301F-11D3-BF4B-00C04F79EFBC}") = "Assembly-CSharp-Editor", "Assembly-CSharp-Editor.csproj", "{65e7ec35-a26a-c24d-b73b-74506cd044d6}"
EndProject
Global
	GlobalSection(SolutionConfigurationPlatforms) = preSolution
		Debug|Any CPU = Debug|Any CPU
	EndGlobalSection
	GlobalSection(ProjectConfigurationPlatforms) = postSolution
		{32280aa3-19a5-092a-abc9-4cefce8a1181}.Debug|Any CPU.ActiveCfg = Debug|Any CPU
		{32280aa3-19a5-092a-abc9-4cefce8a1181}.Debug|Any CPU.Build.0 = Debug|Any CPU
		{65e7ec35-a26a-c24d-b73b-74506cd044d6}.Debug|Any CPU.ActiveCfg = Debug|Any CPU
		{65e7ec35-a26a-c24d-b73b-74506cd044d6}.Debug|Any CPU.Build.0 = Debug|Any CPU
	EndGlobalSection
	GlobalSection(SolutionProperties) = preSolution
		HideSolutionNode = FALSE
	EndGlobalSection
EndGlobal
